
Microsoft Visual Studio Solution File, Format Version 12.00
# Visual Studio Version 16
VisualStudioVersion = 16.0.31424.327
MinimumVisualStudioVersion = 10.0.40219.1
Project("{9A19103F-16F7-4668-BE54-9A1E7A4F7556}") = "AspNetCoreTodo", "AspNetCoreTodo.csproj", "{6FFFE66A-0D67-4613-8ECC-C3F2E43C449B}"
EndProject
Global
	GlobalSection(SolutionConfigurationPlatforms) = preSolution
		Debug|Any CPU = Debug|Any CPU
		Release|Any CPU = Release|Any CPU
	EndGlobalSection
	GlobalSection(ProjectConfigurationPlatforms) = postSolution
		{6FFFE66A-0D67-4613-8ECC-C3F2E43C449B}.Debug|Any CPU.ActiveCfg = Debug|Any CPU
		{6FFFE66A-0D67-4613-8ECC-C3F2E43C449B}.Debug|Any CPU.Build.0 = Debug|Any CPU
		{6FFFE66A-0D67-4613-8ECC-C3F2E43C449B}.Release|Any CPU.ActiveCfg = Release|Any CPU
		{6FFFE66A-0D67-4613-8ECC-C3F2E43C449B}.Release|Any CPU.Build.0 = Release|Any CPU
	EndGlobalSection
	GlobalSection(SolutionProperties) = preSolution
		HideSolutionNode = FALSE
	EndGlobalSection
	GlobalSection(ExtensibilityGlobals) = postSolution
		SolutionGuid = {51E9C5D1-1281-43AE-B33F-39823E8385A2}
	EndGlobalSection
EndGlobal
